// !$*UTF8*$!
{
	archiveVersion = 1;
	classes = {
	};
	objectVersion = 50;
	objects = {

/* Begin PBXBuildFile section */
		E228BC0925090AD200E69F74 /* AppDelegate.swift in Sources */ = {isa = PBXBuildFile; fileRef = E228BC0825090AD200E69F74 /* AppDelegate.swift */; };
		E228BC0B25090AD200E69F74 /* SceneDelegate.swift in Sources */ = {isa = PBXBuildFile; fileRef = E228BC0A25090AD200E69F74 /* SceneDelegate.swift */; };
		E228BC0D25090AD200E69F74 /* ViewController.swift in Sources */ = {isa = PBXBuildFile; fileRef = E228BC0C25090AD200E69F74 /* ViewController.swift */; };
		E228BC1025090AD200E69F74 /* Main.storyboard in Resources */ = {isa = PBXBuildFile; fileRef = E228BC0E25090AD200E69F74 /* Main.storyboard */; };
		E228BC1225090AD500E69F74 /* Assets.xcassets in Resources */ = {isa = PBXBuildFile; fileRef = E228BC1125090AD500E69F74 /* Assets.xcassets */; };
		E228BC1525090AD500E69F74 /* LaunchScreen.storyboard in Resources */ = {isa = PBXBuildFile; fileRef = E228BC1325090AD500E69F74 /* LaunchScreen.storyboard */; };
		E228BC2025090AD500E69F74 /* StopWatchTests.swift in Sources */ = {isa = PBXBuildFile; fileRef = E228BC1F25090AD500E69F74 /* StopWatchTests.swift */; };
		E228BC2B25090AD500E69F74 /* StopWatchUITests.swift in Sources */ = {isa = PBXBuildFile; fileRef = E228BC2A25090AD500E69F74 /* StopWatchUITests.swift */; };
/* End PBXBuildFile section */

/* Begin PBXContainerItemProxy section */
		E228BC1C25090AD500E69F74 /* PBXContainerItemProxy */ = {
			isa = PBXContainerItemProxy;
			containerPortal = E228BBFD25090AD200E69F74 /* Project object */;
			proxyType = 1;
			remoteGlobalIDString = E228BC0425090AD200E69F74;
			remoteInfo = StopWatch;
		};
		E228BC2725090AD500E69F74 /* PBXContainerItemProxy */ = {
			isa = PBXContainerItemProxy;
			containerPortal = E228BBFD25090AD200E69F74 /* Project object */;
			proxyType = 1;
			remoteGlobalIDString = E228BC0425090AD200E69F74;
			remoteInfo = StopWatch;
		};
/* End PBXContainerItemProxy section */

/* Begin PBXFileReference section */
		E228BC0525090AD200E69F74 /* StopWatch.app */ = {isa = PBXFileReference; explicitFileType = wrapper.application; includeInIndex = 0; path = StopWatch.app; sourceTree = BUILT_PRODUCTS_DIR; };
		E228BC0825090AD200E69F74 /* AppDelegate.swift */ = {isa = PBXFileReference; lastKnownFileType = sourcecode.swift; path = AppDelegate.swift; sourceTree = "<group>"; };
		E228BC0A25090AD200E69F74 /* SceneDelegate.swift */ = {isa = PBXFileReference; lastKnownFileType = sourcecode.swift; path = SceneDelegate.swift; sourceTree = "<group>"; };
		E228BC0C25090AD200E69F74 /* ViewController.swift */ = {isa = PBXFileReference; lastKnownFileType = sourcecode.swift; path = ViewController.swift; sourceTree = "<group>"; };
		E228BC0F25090AD200E69F74 /* Base */ = {isa = PBXFileReference; lastKnownFileType = file.storyboard; name = Base; path = Base.lproj/Main.storyboard; sourceTree = "<group>"; };
		E228BC1125090AD500E69F74 /* Assets.xcassets */ = {isa = PBXFileReference; lastKnownFileType = folder.assetcatalog; path = Assets.xcassets; sourceTree = "<group>"; };
		E228BC1425090AD500E69F74 /* Base */ = {isa = PBXFileReference; lastKnownFileType = file.storyboard; name = Base; path = Base.lproj/LaunchScreen.storyboard; sourceTree = "<group>"; };
		E228BC1625090AD500E69F74 /* Info.plist */ = {isa = PBXFileReference; lastKnownFileType = text.plist.xml; path = Info.plist; sourceTree = "<group>"; };
		E228BC1B25090AD500E69F74 /* StopWatchTests.xctest */ = {isa = PBXFileReference; explicitFileType = wrapper.cfbundle; includeInIndex = 0; path = StopWatchTests.xctest; sourceTree = BUILT_PRODUCTS_DIR; };
		E228BC1F25090AD500E69F74 /* StopWatchTests.swift */ = {isa = PBXFileReference; lastKnownFileType = sourcecode.swift; path = StopWatchTests.swift; sourceTree = "<group>"; };
		E228BC2125090AD500E69F74 /* Info.plist */ = {isa = PBXFileReference; lastKnownFileType = text.plist.xml; path = Info.plist; sourceTree = "<group>"; };
		E228BC2625090AD500E69F74 /* StopWatchUITests.xctest */ = {isa = PBXFileReference; explicitFileType = wrapper.cfbundle; includeInIndex = 0; path = StopWatchUITests.xctest; sourceTree = BUILT_PRODUCTS_DIR; };
		E228BC2A25090AD500E69F74 /* StopWatchUITests.swift */ = {isa = PBXFileReference; lastKnownFileType = sourcecode.swift; path = StopWatchUITests.swift; sourceTree = "<group>"; };
		E228BC2C25090AD500E69F74 /* Info.plist */ = {isa = PBXFileReference; lastKnownFileType = text.plist.xml; path = Info.plist; sourceTree = "<group>"; };
/* End PBXFileReference section */

/* Begin PBXFrameworksBuildPhase section */
		E228BC0225090AD200E69F74 /* Frameworks */ = {
			isa = PBXFrameworksBuildPhase;
			buildActionMask = 2147483647;
			files = (
			);
			runOnlyForDeploymentPostprocessing = 0;
		};
		E228BC1825090AD500E69F74 /* Frameworks */ = {
			isa = PBXFrameworksBuildPhase;
			buildActionMask = 2147483647;
			files = (
			);
			runOnlyForDeploymentPostprocessing = 0;
		};
		E228BC2325090AD500E69F74 /* Frameworks */ = {
			isa = PBXFrameworksBuildPhase;
			buildActionMask = 2147483647;
			files = (
			);
			runOnlyForDeploymentPostprocessing = 0;
		};
/* End PBXFrameworksBuildPhase section */

/* Begin PBXGroup section */
		E228BBFC25090AD200E69F74 = {
			isa = PBXGroup;
			children = (
				E228BC0725090AD200E69F74 /* StopWatch */,
				E228BC1E25090AD500E69F74 /* StopWatchTests */,
				E228BC2925090AD500E69F74 /* StopWatchUITests */,
				E228BC0625090AD200E69F74 /* Products */,
			);
			sourceTree = "<group>";
		};
		E228BC0625090AD200E69F74 /* Products */ = {
			isa = PBXGroup;
			children = (
				E228BC0525090AD200E69F74 /* StopWatch.app */,
				E228BC1B25090AD500E69F74 /* StopWatchTests.xctest */,
				E228BC2625090AD500E69F74 /* StopWatchUITests.xctest */,
			);
			name = Products;
			sourceTree = "<group>";
		};
		E228BC0725090AD200E69F74 /* StopWatch */ = {
			isa = PBXGroup;
			children = (
				E228BC0825090AD200E69F74 /* AppDelegate.swift */,
				E228BC0A25090AD200E69F74 /* SceneDelegate.swift */,
				E228BC0C25090AD200E69F74 /* ViewController.swift */,
				E228BC0E25090AD200E69F74 /* Main.storyboard */,
				E228BC1125090AD500E69F74 /* Assets.xcassets */,
				E228BC1325090AD500E69F74 /* LaunchScreen.storyboard */,
				E228BC1625090AD500E69F74 /* Info.plist */,
			);
			path = StopWatch;
			sourceTree = "<group>";
		};
		E228BC1E25090AD500E69F74 /* StopWatchTests */ = {
			isa = PBXGroup;
			children = (
				E228BC1F25090AD500E69F74 /* StopWatchTests.swift */,
				E228BC2125090AD500E69F74 /* Info.plist */,
			);
			path = StopWatchTests;
			sourceTree = "<group>";
		};
		E228BC2925090AD500E69F74 /* StopWatchUITests */ = {
			isa = PBXGroup;
			children = (
				E228BC2A25090AD500E69F74 /* StopWatchUITests.swift */,
				E228BC2C25090AD500E69F74 /* Info.plist */,
			);
			path = StopWatchUITests;
			sourceTree = "<group>";
		};
/* End PBXGroup section */

/* Begin PBXNativeTarget section */
		E228BC0425090AD200E69F74 /* StopWatch */ = {
			isa = PBXNativeTarget;
			buildConfigurationList = E228BC2F25090AD500E69F74 /* Build configuration list for PBXNativeTarget "StopWatch" */;
			buildPhases = (
				E228BC0125090AD200E69F74 /* Sources */,
				E228BC0225090AD200E69F74 /* Frameworks */,
				E228BC0325090AD200E69F74 /* Resources */,
			);
			buildRules = (
			);
			dependencies = (
			);
			name = StopWatch;
			productName = StopWatch;
			productReference = E228BC0525090AD200E69F74 /* StopWatch.app */;
			productType = "com.apple.product-type.application";
		};
		E228BC1A25090AD500E69F74 /* StopWatchTests */ = {
			isa = PBXNativeTarget;
			buildConfigurationList = E228BC3225090AD500E69F74 /* Build configuration list for PBXNativeTarget "StopWatchTests" */;
			buildPhases = (
				E228BC1725090AD500E69F74 /* Sources */,
				E228BC1825090AD500E69F74 /* Frameworks */,
				E228BC1925090AD500E69F74 /* Resources */,
			);
			buildRules = (
			);
			dependencies = (
				E228BC1D25090AD500E69F74 /* PBXTargetDependency */,
			);
			name = StopWatchTests;
			productName = StopWatchTests;
			productReference = E228BC1B25090AD500E69F74 /* StopWatchTests.xctest */;
			productType = "com.apple.product-type.bundle.unit-test";
		};
		E228BC2525090AD500E69F74 /* StopWatchUITests */ = {
			isa = PBXNativeTarget;
			buildConfigurationList = E228BC3525090AD500E69F74 /* Build configuration list for PBXNativeTarget "StopWatchUITests" */;
			buildPhases = (
				E228BC2225090AD500E69F74 /* Sources */,
				E228BC2325090AD500E69F74 /* Frameworks */,
				E228BC2425090AD500E69F74 /* Resources */,
			);
			buildRules = (
			);
			dependencies = (
				E228BC2825090AD500E69F74 /* PBXTargetDependency */,
			);
			name = StopWatchUITests;
			productName = StopWatchUITests;
			productReference = E228BC2625090AD500E69F74 /* StopWatchUITests.xctest */;
			productType = "com.apple.product-type.bundle.ui-testing";
		};
/* End PBXNativeTarget section */

/* Begin PBXProject section */
		E228BBFD25090AD200E69F74 /* Project object */ = {
			isa = PBXProject;
			attributes = {
				LastSwiftUpdateCheck = 1170;
				LastUpgradeCheck = 1170;
				ORGANIZATIONNAME = "古田翔太郎";
				TargetAttributes = {
					E228BC0425090AD200E69F74 = {
						CreatedOnToolsVersion = 11.7;
					};
					E228BC1A25090AD500E69F74 = {
						CreatedOnToolsVersion = 11.7;
						TestTargetID = E228BC0425090AD200E69F74;
					};
					E228BC2525090AD500E69F74 = {
						CreatedOnToolsVersion = 11.7;
						TestTargetID = E228BC0425090AD200E69F74;
					};
				};
			};
			buildConfigurationList = E228BC0025090AD200E69F74 /* Build configuration list for PBXProject "StopWatch" */;
			compatibilityVersion = "Xcode 9.3";
			developmentRegion = en;
			hasScannedForEncodings = 0;
			knownRegions = (
				en,
				Base,
			);
			mainGroup = E228BBFC25090AD200E69F74;
			productRefGroup = E228BC0625090AD200E69F74 /* Products */;
			projectDirPath = "";
			projectRoot = "";
			targets = (
				E228BC0425090AD200E69F74 /* StopWatch */,
				E228BC1A25090AD500E69F74 /* StopWatchTests */,
				E228BC2525090AD500E69F74 /* StopWatchUITests */,
			);
		};
/* End PBXProject section */

/* Begin PBXResourcesBuildPhase section */
		E228BC0325090AD200E69F74 /* Resources */ = {
			isa = PBXResourcesBuildPhase;
			buildActionMask = 2147483647;
			files = (
				E228BC1525090AD500E69F74 /* LaunchScreen.storyboard in Resources */,
				E228BC1225090AD500E69F74 /* Assets.xcassets in Resources */,
				E228BC1025090AD200E69F74 /* Main.storyboard in Resources */,
			);
			runOnlyForDeploymentPostprocessing = 0;
		};
		E228BC1925090AD500E69F74 /* Resources */ = {
			isa = PBXResourcesBuildPhase;
			buildActionMask = 2147483647;
			files = (
			);
			runOnlyForDeploymentPostprocessing = 0;
		};
		E228BC2425090AD500E69F74 /* Resources */ = {
			isa = PBXResourcesBuildPhase;
			buildActionMask = 2147483647;
			files = (
			);
			runOnlyForDeploymentPostprocessing = 0;
		};
/* End PBXResourcesBuildPhase section */

/* Begin PBXSourcesBuildPhase section */
		E228BC0125090AD200E69F74 /* Sources */ = {
			isa = PBXSourcesBuildPhase;
			buildActionMask = 2147483647;
			files = (
				E228BC0D25090AD200E69F74 /* ViewController.swift in Sources */,
				E228BC0925090AD200E69F74 /* AppDelegate.swift in Sources */,
				E228BC0B25090AD200E69F74 /* SceneDelegate.swift in Sources */,
			);
			runOnlyForDeploymentPostprocessing = 0;
		};
		E228BC1725090AD500E69F74 /* Sources */ = {
			isa = PBXSourcesBuildPhase;
			buildActionMask = 2147483647;
			files = (
				E228BC2025090AD500E69F74 /* StopWatchTests.swift in Sources */,
			);
			runOnlyForDeploymentPostprocessing = 0;
		};
		E228BC2225090AD500E69F74 /* Sources */ = {
			isa = PBXSourcesBuildPhase;
			buildActionMask = 2147483647;
			files = (
				E228BC2B25090AD500E69F74 /* StopWatchUITests.swift in Sources */,
			);
			runOnlyForDeploymentPostprocessing = 0;
		};
/* End PBXSourcesBuildPhase section */

/* Begin PBXTargetDependency section */
		E228BC1D25090AD500E69F74 /* PBXTargetDependency */ = {
			isa = PBXTargetDependency;
			target = E228BC0425090AD200E69F74 /* StopWatch */;
			targetProxy = E228BC1C25090AD500E69F74 /* PBXContainerItemProxy */;
		};
		E228BC2825090AD500E69F74 /* PBXTargetDependency */ = {
			isa = PBXTargetDependency;
			target = E228BC0425090AD200E69F74 /* StopWatch */;
			targetProxy = E228BC2725090AD500E69F74 /* PBXContainerItemProxy */;
		};
/* End PBXTargetDependency section */

/* Begin PBXVariantGroup section */
		E228BC0E25090AD200E69F74 /* Main.storyboard */ = {
			isa = PBXVariantGroup;
			children = (
				E228BC0F25090AD200E69F74 /* Base */,
			);
			name = Main.storyboard;
			sourceTree = "<group>";
		};
		E228BC1325090AD500E69F74 /* LaunchScreen.storyboard */ = {
			isa = PBXVariantGroup;
			children = (
				E228BC1425090AD500E69F74 /* Base */,
			);
			name = LaunchScreen.storyboard;
			sourceTree = "<group>";
		};
/* End PBXVariantGroup section */

/* Begin XCBuildConfiguration section */
		E228BC2D25090AD500E69F74 /* Debug */ = {
			isa = XCBuildConfiguration;
			buildSettings = {
				ALWAYS_SEARCH_USER_PATHS = NO;
				CLANG_ANALYZER_NONNULL = YES;
				CLANG_ANALYZER_NUMBER_OBJECT_CONVERSION = YES_AGGRESSIVE;
				CLANG_CXX_LANGUAGE_STANDARD = "gnu++14";
				CLANG_CXX_LIBRARY = "libc++";
				CLANG_ENABLE_MODULES = YES;
				CLANG_ENABLE_OBJC_ARC = YES;
				CLANG_ENABLE_OBJC_WEAK = YES;
				CLANG_WARN_BLOCK_CAPTURE_AUTORELEASING = YES;
				CLANG_WARN_BOOL_CONVERSION = YES;
				CLANG_WARN_COMMA = YES;
				CLANG_WARN_CONSTANT_CONVERSION = YES;
				CLANG_WARN_DEPRECATED_OBJC_IMPLEMENTATIONS = YES;
				CLANG_WARN_DIRECT_OBJC_ISA_USAGE = YES_ERROR;
				CLANG_WARN_DOCUMENTATION_COMMENTS = YES;
				CLANG_WARN_EMPTY_BODY = YES;
				CLANG_WARN_ENUM_CONVERSION = YES;
				CLANG_WARN_INFINITE_RECURSION = YES;
				CLANG_WARN_INT_CONVERSION = YES;
				CLANG_WARN_NON_LITERAL_NULL_CONVERSION = YES;
				CLANG_WARN_OBJC_IMPLICIT_RETAIN_SELF = YES;
				CLANG_WARN_OBJC_LITERAL_CONVERSION = YES;
				CLANG_WARN_OBJC_ROOT_CLASS = YES_ERROR;
				CLANG_WARN_RANGE_LOOP_ANALYSIS = YES;
				CLANG_WARN_STRICT_PROTOTYPES = YES;
				CLANG_WARN_SUSPICIOUS_MOVE = YES;
				CLANG_WARN_UNGUARDED_AVAILABILITY = YES_AGGRESSIVE;
				CLANG_WARN_UNREACHABLE_CODE = YES;
				CLANG_WARN__DUPLICATE_METHOD_MATCH = YES;
				COPY_PHASE_STRIP = NO;
				DEBUG_INFORMATION_FORMAT = dwarf;
				ENABLE_STRICT_OBJC_MSGSEND = YES;
				ENABLE_TESTABILITY = YES;
				GCC_C_LANGUAGE_STANDARD = gnu11;
				GCC_DYNAMIC_NO_PIC = NO;
				GCC_NO_COMMON_BLOCKS = YES;
				GCC_OPTIMIZATION_LEVEL = 0;
				GCC_PREPROCESSOR_DEFINITIONS = (
					"DEBUG=1",
					"$(inherited)",
				);
				GCC_WARN_64_TO_32_BIT_CONVERSION = YES;
				GCC_WARN_ABOUT_RETURN_TYPE = YES_ERROR;
				GCC_WARN_UNDECLARED_SELECTOR = YES;
				GCC_WARN_UNINITIALIZED_AUTOS = YES_AGGRESSIVE;
				GCC_WARN_UNUSED_FUNCTION = YES;
				GCC_WARN_UNUSED_VARIABLE = YES;
				IPHONEOS_DEPLOYMENT_TARGET = 13.7;
				MTL_ENABLE_DEBUG_INFO = INCLUDE_SOURCE;
				MTL_FAST_MATH = YES;
				ONLY_ACTIVE_ARCH = YES;
				SDKROOT = iphoneos;
				SWIFT_ACTIVE_COMPILATION_CONDITIONS = DEBUG;
				SWIFT_OPTIMIZATION_LEVEL = "-Onone";
			};
			name = Debug;
		};
		E228BC2E25090AD500E69F74 /* Release */ = {
			isa = XCBuildConfiguration;
			buildSettings = {
				ALWAYS_SEARCH_USER_PATHS = NO;
				CLANG_ANALYZER_NONNULL = YES;
				CLANG_ANALYZER_NUMBER_OBJECT_CONVERSION = YES_AGGRESSIVE;
				CLANG_CXX_LANGUAGE_STANDARD = "gnu++14";
				CLANG_CXX_LIBRARY = "libc++";
				CLANG_ENABLE_MODULES = YES;
				CLANG_ENABLE_OBJC_ARC = YES;
				CLANG_ENABLE_OBJC_WEAK = YES;
				CLANG_WARN_BLOCK_CAPTURE_AUTORELEASING = YES;
				CLANG_WARN_BOOL_CONVERSION = YES;
				CLANG_WARN_COMMA = YES;
				CLANG_WARN_CONSTANT_CONVERSION = YES;
				CLANG_WARN_DEPRECATED_OBJC_IMPLEMENTATIONS = YES;
				CLANG_WARN_DIRECT_OBJC_ISA_USAGE = YES_ERROR;
				CLANG_WARN_DOCUMENTATION_COMMENTS = YES;
				CLANG_WARN_EMPTY_BODY = YES;
				CLANG_WARN_ENUM_CONVERSION = YES;
				CLANG_WARN_INFINITE_RECURSION = YES;
				CLANG_WARN_INT_CONVERSION = YES;
				CLANG_WARN_NON_LITERAL_NULL_CONVERSION = YES;
				CLANG_WARN_OBJC_IMPLICIT_RETAIN_SELF = YES;
				CLANG_WARN_OBJC_LITERAL_CONVERSION = YES;
				CLANG_WARN_OBJC_ROOT_CLASS = YES_ERROR;
				CLANG_WARN_RANGE_LOOP_ANALYSIS = YES;
				CLANG_WARN_STRICT_PROTOTYPES = YES;
				CLANG_WARN_SUSPICIOUS_MOVE = YES;
				CLANG_WARN_UNGUARDED_AVAILABILITY = YES_AGGRESSIVE;
				CLANG_WARN_UNREACHABLE_CODE = YES;
				CLANG_WARN__DUPLICATE_METHOD_MATCH = YES;
				COPY_PHASE_STRIP = NO;
				DEBUG_INFORMATION_FORMAT = "dwarf-with-dsym";
				ENABLE_NS_ASSERTIONS = NO;
				ENABLE_STRICT_OBJC_MSGSEND = YES;
				GCC_C_LANGUAGE_STANDARD = gnu11;
				GCC_NO_COMMON_BLOCKS = YES;
				GCC_WARN_64_TO_32_BIT_CONVERSION = YES;
				GCC_WARN_ABOUT_RETURN_TYPE = YES_ERROR;
				GCC_WARN_UNDECLARED_SELECTOR = YES;
				GCC_WARN_UNINITIALIZED_AUTOS = YES_AGGRESSIVE;
				GCC_WARN_UNUSED_FUNCTION = YES;
				GCC_WARN_UNUSED_VARIABLE = YES;
				IPHONEOS_DEPLOYMENT_TARGET = 13.7;
				MTL_ENABLE_DEBUG_INFO = NO;
				MTL_FAST_MATH = YES;
				SDKROOT = iphoneos;
				SWIFT_COMPILATION_MODE = wholemodule;
				SWIFT_OPTIMIZATION_LEVEL = "-O";
				VALIDATE_PRODUCT = YES;
			};
			name = Release;
		};
		E228BC3025090AD500E69F74 /* Debug */ = {
			isa = XCBuildConfiguration;
			buildSettings = {
				ASSETCATALOG_COMPILER_APPICON_NAME = AppIcon;
				CODE_SIGN_STYLE = Automatic;
				INFOPLIST_FILE = StopWatch/Info.plist;
				LD_RUNPATH_SEARCH_PATHS = (
					"$(inherited)",
					"@executable_path/Frameworks",
				);
				PRODUCT_BUNDLE_IDENTIFIER = anny.StopWatch;
				PRODUCT_NAME = "$(TARGET_NAME)";
				SWIFT_VERSION = 5.0;
				TARGETED_DEVICE_FAMILY = "1,2";
			};
			name = Debug;
		};
		E228BC3125090AD500E69F74 /* Release */ = {
			isa = XCBuildConfiguration;
			buildSettings = {
				ASSETCATALOG_COMPILER_APPICON_NAME = AppIcon;
				CODE_SIGN_STYLE = Automatic;
				INFOPLIST_FILE = StopWatch/Info.plist;
				LD_RUNPATH_SEARCH_PATHS = (
					"$(inherited)",
					"@executable_path/Frameworks",
				);
				PRODUCT_BUNDLE_IDENTIFIER = anny.StopWatch;
				PRODUCT_NAME = "$(TARGET_NAME)";
				SWIFT_VERSION = 5.0;
				TARGETED_DEVICE_FAMILY = "1,2";
			};
			name = Release;
		};
		E228BC3325090AD500E69F74 /* Debug */ = {
			isa = XCBuildConfiguration;
			buildSettings = {
				ALWAYS_EMBED_SWIFT_STANDARD_LIBRARIES = YES;
				BUNDLE_LOADER = "$(TEST_HOST)";
				CODE_SIGN_STYLE = Automatic;
				INFOPLIST_FILE = StopWatchTests/Info.plist;
				IPHONEOS_DEPLOYMENT_TARGET = 13.7;
				LD_RUNPATH_SEARCH_PATHS = (
					"$(inherited)",
					"@executable_path/Frameworks",
					"@loader_path/Frameworks",
				);
				PRODUCT_BUNDLE_IDENTIFIER = anny.StopWatchTests;
				PRODUCT_NAME = "$(TARGET_NAME)";
				SWIFT_VERSION = 5.0;
				TARGETED_DEVICE_FAMILY = "1,2";
				TEST_HOST = "$(BUILT_PRODUCTS_DIR)/StopWatch.app/StopWatch";
			};
			name = Debug;
		};
		E228BC3425090AD500E69F74 /* Release */ = {
			isa = XCBuildConfiguration;
			buildSettings = {
				ALWAYS_EMBED_SWIFT_STANDARD_LIBRARIES = YES;
				BUNDLE_LOADER = "$(TEST_HOST)";
				CODE_SIGN_STYLE = Automatic;
				INFOPLIST_FILE = StopWatchTests/Info.plist;
				IPHONEOS_DEPLOYMENT_TARGET = 13.7;
				LD_RUNPATH_SEARCH_PATHS = (
					"$(inherited)",
					"@executable_path/Frameworks",
					"@loader_path/Frameworks",
				);
				PRODUCT_BUNDLE_IDENTIFIER = anny.StopWatchTests;
				PRODUCT_NAME = "$(TARGET_NAME)";
				SWIFT_VERSION = 5.0;
				TARGETED_DEVICE_FAMILY = "1,2";
				TEST_HOST = "$(BUILT_PRODUCTS_DIR)/StopWatch.app/StopWatch";
			};
			name = Release;
		};
		E228BC3625090AD500E69F74 /* Debug */ = {
			isa = XCBuildConfiguration;
			buildSettings = {
				ALWAYS_EMBED_SWIFT_STANDARD_LIBRARIES = YES;
				CODE_SIGN_STYLE = Automatic;
				INFOPLIST_FILE = StopWatchUITests/Info.plist;
				LD_RUNPATH_SEARCH_PATHS = (
					"$(inherited)",
					"@executable_path/Frameworks",
					"@loader_path/Frameworks",
				);
				PRODUCT_BUNDLE_IDENTIFIER = anny.StopWatchUITests;
				PRODUCT_NAME = "$(TARGET_NAME)";
				SWIFT_VERSION = 5.0;
				TARGETED_DEVICE_FAMILY = "1,2";
				TEST_TARGET_NAME = StopWatch;
			};
			name = Debug;
		};
		E228BC3725090AD500E69F74 /* Release */ = {
			isa = XCBuildConfiguration;
			buildSettings = {
				ALWAYS_EMBED_SWIFT_STANDARD_LIBRARIES = YES;
				CODE_SIGN_STYLE = Automatic;
				INFOPLIST_FILE = StopWatchUITests/Info.plist;
				LD_RUNPATH_SEARCH_PATHS = (
					"$(inherited)",
					"@executable_path/Frameworks",
					"@loader_path/Frameworks",
				);
				PRODUCT_BUNDLE_IDENTIFIER = anny.StopWatchUITests;
				PRODUCT_NAME = "$(TARGET_NAME)";
				SWIFT_VERSION = 5.0;
				TARGETED_DEVICE_FAMILY = "1,2";
				TEST_TARGET_NAME = StopWatch;
			};
			name = Release;
		};
/* End XCBuildConfiguration section */

/* Begin XCConfigurationList section */
		E228BC0025090AD200E69F74 /* Build configuration list for PBXProject "StopWatch" */ = {
			isa = XCConfigurationList;
			buildConfigurations = (
				E228BC2D25090AD500E69F74 /* Debug */,
				E228BC2E25090AD500E69F74 /* Release */,
			);
			defaultConfigurationIsVisible = 0;
			defaultConfigurationName = Release;
		};
		E228BC2F25090AD500E69F74 /* Build configuration list for PBXNativeTarget "StopWatch" */ = {
			isa = XCConfigurationList;
			buildConfigurations = (
				E228BC3025090AD500E69F74 /* Debug */,
				E228BC3125090AD500E69F74 /* Release */,
			);
			defaultConfigurationIsVisible = 0;
			defaultConfigurationName = Release;
		};
		E228BC3225090AD500E69F74 /* Build configuration list for PBXNativeTarget "StopWatchTests" */ = {
			isa = XCConfigurationList;
			buildConfigurations = (
				E228BC3325090AD500E69F74 /* Debug */,
				E228BC3425090AD500E69F74 /* Release */,
			);
			defaultConfigurationIsVisible = 0;
			defaultConfigurationName = Release;
		};
		E228BC3525090AD500E69F74 /* Build configuration list for PBXNativeTarget "StopWatchUITests" */ = {
			isa = XCConfigurationList;
			buildConfigurations = (
				E228BC3625090AD500E69F74 /* Debug */,
				E228BC3725090AD500E69F74 /* Release */,
			);
			defaultConfigurationIsVisible = 0;
			defaultConfigurationName = Release;
		};
/* End XCConfigurationList section */
	};
	rootObject = E228BBFD25090AD200E69F74 /* Project object */;
}
